
Microsoft Visual Studio Solution File, Format Version 12.00
# Visual Studio Version 17
VisualStudioVersion = 17.6.33723.286
MinimumVisualStudioVersion = 10.0.40219.1
Project("{8BC9CEB8-8B4A-11D0-8D11-00A0C91BC942}") = "Project2", "Project2.vcxproj", "{B1091873-D276-4D91-8F88-869F0DE4B33E}"
EndProject
Project("{8BC9CEB8-8B4A-11D0-8D11-00A0C91BC942}") = "TestForProject2", "..\TestForProject2\TestForProject2.vcxproj", "{7B193991-B2D2-4C3D-9D77-45BD82069B70}"
EndProject
Global
	GlobalSection(SolutionConfigurationPlatforms) = preSolution
		Debug|x64 = Debug|x64
		Debug|x86 = Debug|x86
		Release|x64 = Release|x64
		Release|x86 = Release|x86
	EndGlobalSection
	GlobalSection(ProjectConfigurationPlatforms) = postSolution
		{B1091873-D276-4D91-8F88-869F0DE4B33E}.Debug|x64.ActiveCfg = Debug|x64
		{B1091873-D276-4D91-8F88-869F0DE4B33E}.Debug|x64.Build.0 = Debug|x64
		{B1091873-D276-4D91-8F88-869F0DE4B33E}.Debug|x86.ActiveCfg = Debug|Win32
		{B1091873-D276-4D91-8F88-869F0DE4B33E}.Debug|x86.Build.0 = Debug|Win32
		{B1091873-D276-4D91-8F88-869F0DE4B33E}.Release|x64.ActiveCfg = Release|x64
		{B1091873-D276-4D91-8F88-869F0DE4B33E}.Release|x64.Build.0 = Release|x64
		{B1091873-D276-4D91-8F88-869F0DE4B33E}.Release|x86.ActiveCfg = Release|Win32
		{B1091873-D276-4D91-8F88-869F0DE4B33E}.Release|x86.Build.0 = Release|Win32
		{7B193991-B2D2-4C3D-9D77-45BD82069B70}.Debug|x64.ActiveCfg = Debug|x64
		{7B193991-B2D2-4C3D-9D77-45BD82069B70}.Debug|x64.Build.0 = Debug|x64
		{7B193991-B2D2-4C3D-9D77-45BD82069B70}.Debug|x86.ActiveCfg = Debug|Win32
		{7B193991-B2D2-4C3D-9D77-45BD82069B70}.Debug|x86.Build.0 = Debug|Win32
		{7B193991-B2D2-4C3D-9D77-45BD82069B70}.Release|x64.ActiveCfg = Release|x64
		{7B193991-B2D2-4C3D-9D77-45BD82069B70}.Release|x64.Build.0 = Release|x64
		{7B193991-B2D2-4C3D-9D77-45BD82069B70}.Release|x86.ActiveCfg = Release|Win32
		{7B193991-B2D2-4C3D-9D77-45BD82069B70}.Release|x86.Build.0 = Release|Win32
	EndGlobalSection
	GlobalSection(SolutionProperties) = preSolution
		HideSolutionNode = FALSE
	EndGlobalSection
	GlobalSection(ExtensibilityGlobals) = postSolution
		SolutionGuid = {78E5A98C-20C6-4DE1-8F15-2B2862D52195}
	EndGlobalSection
EndGlobal
